
Microsoft Visual Studio Solution File, Format Version 12.00
# Visual Studio Version 17
VisualStudioVersion = 17.6.33829.357
MinimumVisualStudioVersion = 10.0.40219.1
Project("{FAE04EC0-301F-11D3-BF4B-00C04F79EFBC}") = "demoapplogin", "demoapplogin.csproj", "{AA7E142E-0DB6-4E92-AF7C-8F4A44D00048}"
EndProject
Global
	GlobalSection(SolutionConfigurationPlatforms) = preSolution
		Debug|Any CPU = Debug|Any CPU
		Release|Any CPU = Release|Any CPU
	EndGlobalSection
	GlobalSection(ProjectConfigurationPlatforms) = postSolution
		{AA7E142E-0DB6-4E92-AF7C-8F4A44D00048}.Debug|Any CPU.ActiveCfg = Debug|Any CPU
		{AA7E142E-0DB6-4E92-AF7C-8F4A44D00048}.Debug|Any CPU.Build.0 = Debug|Any CPU
		{AA7E142E-0DB6-4E92-AF7C-8F4A44D00048}.Release|Any CPU.ActiveCfg = Release|Any CPU
		{AA7E142E-0DB6-4E92-AF7C-8F4A44D00048}.Release|Any CPU.Build.0 = Release|Any CPU
	EndGlobalSection
	GlobalSection(SolutionProperties) = preSolution
		HideSolutionNode = FALSE
	EndGlobalSection
	GlobalSection(ExtensibilityGlobals) = postSolution
		SolutionGuid = {BFD6BBB2-430B-463D-92BB-4F964A8F2285}
	EndGlobalSection
EndGlobal
